
Microsoft Visual Studio Solution File, Format Version 12.00
# Visual Studio Version 17
VisualStudioVersion = 17.1.32228.430
MinimumVisualStudioVersion = 10.0.40219.1
Project("{9A19103F-16F7-4668-BE54-9A1E7A4F7556}") = "DiscordBot", "DiscordBot\DiscordBot.csproj", "{2CB141F7-A29C-4F70-AC4F-B65DB6E1C332}"
EndProject
Project("{9A19103F-16F7-4668-BE54-9A1E7A4F7556}") = "DSharpPlus", "..\DSharpPlus-Repo\DSharpPlus\DSharpPlus.csproj", "{7F78A24C-2D40-4280-A0D9-083DC0290E83}"
EndProject
Project("{9A19103F-16F7-4668-BE54-9A1E7A4F7556}") = "DSharpPlus.CommandsNext", "..\DSharpPlus-Repo\DSharpPlus.CommandsNext\DSharpPlus.CommandsNext.csproj", "{3659605C-33E2-465C-A187-FEFCA1555CCB}"
EndProject
Project("{9A19103F-16F7-4668-BE54-9A1E7A4F7556}") = "DSharpPlus.Interactivity", "..\DSharpPlus-Repo\DSharpPlus.Interactivity\DSharpPlus.Interactivity.csproj", "{86A3593E-9550-4138-B7E2-07D2F11A754D}"
EndProject
Global
	GlobalSection(SolutionConfigurationPlatforms) = preSolution
		Debug|Any CPU = Debug|Any CPU
		Release|Any CPU = Release|Any CPU
	EndGlobalSection
	GlobalSection(ProjectConfigurationPlatforms) = postSolution
		{2CB141F7-A29C-4F70-AC4F-B65DB6E1C332}.Debug|Any CPU.ActiveCfg = Debug|Any CPU
		{2CB141F7-A29C-4F70-AC4F-B65DB6E1C332}.Debug|Any CPU.Build.0 = Debug|Any CPU
		{2CB141F7-A29C-4F70-AC4F-B65DB6E1C332}.Release|Any CPU.ActiveCfg = Release|Any CPU
		{2CB141F7-A29C-4F70-AC4F-B65DB6E1C332}.Release|Any CPU.Build.0 = Release|Any CPU
		{7F78A24C-2D40-4280-A0D9-083DC0290E83}.Debug|Any CPU.ActiveCfg = Debug|Any CPU
		{7F78A24C-2D40-4280-A0D9-083DC0290E83}.Debug|Any CPU.Build.0 = Debug|Any CPU
		{7F78A24C-2D40-4280-A0D9-083DC0290E83}.Release|Any CPU.ActiveCfg = Release|Any CPU
		{7F78A24C-2D40-4280-A0D9-083DC0290E83}.Release|Any CPU.Build.0 = Release|Any CPU
		{3659605C-33E2-465C-A187-FEFCA1555CCB}.Debug|Any CPU.ActiveCfg = Debug|Any CPU
		{3659605C-33E2-465C-A187-FEFCA1555CCB}.Debug|Any CPU.Build.0 = Debug|Any CPU
		{3659605C-33E2-465C-A187-FEFCA1555CCB}.Release|Any CPU.ActiveCfg = Release|Any CPU
		{3659605C-33E2-465C-A187-FEFCA1555CCB}.Release|Any CPU.Build.0 = Release|Any CPU
		{86A3593E-9550-4138-B7E2-07D2F11A754D}.Debug|Any CPU.ActiveCfg = Debug|Any CPU
		{86A3593E-9550-4138-B7E2-07D2F11A754D}.Debug|Any CPU.Build.0 = Debug|Any CPU
		{86A3593E-9550-4138-B7E2-07D2F11A754D}.Release|Any CPU.ActiveCfg = Release|Any CPU
		{86A3593E-9550-4138-B7E2-07D2F11A754D}.Release|Any CPU.Build.0 = Release|Any CPU
	EndGlobalSection
	GlobalSection(SolutionProperties) = preSolution
		HideSolutionNode = FALSE
	EndGlobalSection
	GlobalSection(ExtensibilityGlobals) = postSolution
		SolutionGuid = {4D4632AE-F894-4EEB-B3F6-2940C179C746}
	EndGlobalSection
EndGlobal
